{
  "name": "@bu0nq/scss-function-line-height",
  "version": "0.1.0",
  "lockfileVersion": 3,
  "requires": true,
  "packages": {
    "": {
      "name": "@bu0nq/scss-function-line-height",
      "version": "0.1.0",
      "license": "MIT",
      "dependencies": {
        "@bu0nq/scss-function-strip-unit": "^0.1.0"
      }
    },
    "node_modules/@bu0nq/scss-function-strip-unit": {
      "version": "0.1.0",
      "resolved": "https://registry.npmjs.org/@bu0nq/scss-function-strip-unit/-/scss-function-strip-unit-0.1.0.tgz",
      "integrity": "sha512-3nfEITRK5X4vK/VdEN4Q1pRWfhbpO96NKOs8QYcK/GA/P1yvTuFQpdyiBu217xEBHB4EngNoeTZ6XoQkb/xIKw==",
      "license": "MIT"
    }
  }
}
